
Microsoft Visual Studio Solution File, Format Version 12.00
# Visual Studio Version 17
VisualStudioVersion = 17.5.002.0
MinimumVisualStudioVersion = 10.0.40219.1
Project("{9A19103F-16F7-4668-BE54-9A1E7A4F7556}") = "MainMVC", "MainMVC.csproj", "{11034452-1A8B-4A53-B9F9-7518A9E10E56}"
EndProject
Global
	GlobalSection(SolutionConfigurationPlatforms) = preSolution
		Debug|Any CPU = Debug|Any CPU
		Release|Any CPU = Release|Any CPU
	EndGlobalSection
	GlobalSection(ProjectConfigurationPlatforms) = postSolution
		{11034452-1A8B-4A53-B9F9-7518A9E10E56}.Debug|Any CPU.ActiveCfg = Debug|Any CPU
		{11034452-1A8B-4A53-B9F9-7518A9E10E56}.Debug|Any CPU.Build.0 = Debug|Any CPU
		{11034452-1A8B-4A53-B9F9-7518A9E10E56}.Release|Any CPU.ActiveCfg = Release|Any CPU
		{11034452-1A8B-4A53-B9F9-7518A9E10E56}.Release|Any CPU.Build.0 = Release|Any CPU
	EndGlobalSection
	GlobalSection(SolutionProperties) = preSolution
		HideSolutionNode = FALSE
	EndGlobalSection
	GlobalSection(ExtensibilityGlobals) = postSolution
		SolutionGuid = {002789EC-8414-4EFD-BC5E-D3A53D800E0A}
	EndGlobalSection
EndGlobal
